
Microsoft Visual Studio Solution File, Format Version 12.00
# Visual Studio Version 16
VisualStudioVersion = 16.0.30225.117
MinimumVisualStudioVersion = 10.0.40219.1
Project("{9A19103F-16F7-4668-BE54-9A1E7A4F7556}") = "netCore", "netCore\netCore.csproj", "{D62E38FA-86C5-40F9-852A-0C15D62A9D1B}"
EndProject
Project("{FAE04EC0-301F-11D3-BF4B-00C04F79EFBC}") = "netFramework", "netFramework\netFramework.csproj", "{42CE0798-8A8C-4A9C-9C8C-0BC2257AB7A4}"
EndProject
Global
	GlobalSection(SolutionConfigurationPlatforms) = preSolution
		Debug|Any CPU = Debug|Any CPU
		Release|Any CPU = Release|Any CPU
	EndGlobalSection
	GlobalSection(ProjectConfigurationPlatforms) = postSolution
		{D62E38FA-86C5-40F9-852A-0C15D62A9D1B}.Debug|Any CPU.ActiveCfg = Debug|Any CPU
		{D62E38FA-86C5-40F9-852A-0C15D62A9D1B}.Debug|Any CPU.Build.0 = Debug|Any CPU
		{D62E38FA-86C5-40F9-852A-0C15D62A9D1B}.Release|Any CPU.ActiveCfg = Release|Any CPU
		{D62E38FA-86C5-40F9-852A-0C15D62A9D1B}.Release|Any CPU.Build.0 = Release|Any CPU
		{42CE0798-8A8C-4A9C-9C8C-0BC2257AB7A4}.Debug|Any CPU.ActiveCfg = Debug|Any CPU
		{42CE0798-8A8C-4A9C-9C8C-0BC2257AB7A4}.Debug|Any CPU.Build.0 = Debug|Any CPU
		{42CE0798-8A8C-4A9C-9C8C-0BC2257AB7A4}.Release|Any CPU.ActiveCfg = Release|Any CPU
		{42CE0798-8A8C-4A9C-9C8C-0BC2257AB7A4}.Release|Any CPU.Build.0 = Release|Any CPU
	EndGlobalSection
	GlobalSection(SolutionProperties) = preSolution
		HideSolutionNode = FALSE
	EndGlobalSection
	GlobalSection(ExtensibilityGlobals) = postSolution
		SolutionGuid = {725BD752-DDDD-4D0B-AD19-6467B0DF39DF}
	EndGlobalSection
EndGlobal
