
Microsoft Visual Studio Solution File, Format Version 12.00
# Visual Studio Version 16
VisualStudioVersion = 16.0.30225.117
MinimumVisualStudioVersion = 10.0.40219.1
Project("{9A19103F-16F7-4668-BE54-9A1E7A4F7556}") = "Program", "..\..\..\Program\Program\Program.csproj", "{CA87017D-097C-4AB3-9ACB-E73AF46A5B97}"
EndProject
Global
	GlobalSection(SolutionConfigurationPlatforms) = preSolution
		Debug|Any CPU = Debug|Any CPU
		Release|Any CPU = Release|Any CPU
	EndGlobalSection
	GlobalSection(ProjectConfigurationPlatforms) = postSolution
		{CA87017D-097C-4AB3-9ACB-E73AF46A5B97}.Debug|Any CPU.ActiveCfg = Debug|Any CPU
		{CA87017D-097C-4AB3-9ACB-E73AF46A5B97}.Debug|Any CPU.Build.0 = Debug|Any CPU
		{CA87017D-097C-4AB3-9ACB-E73AF46A5B97}.Release|Any CPU.ActiveCfg = Release|Any CPU
		{CA87017D-097C-4AB3-9ACB-E73AF46A5B97}.Release|Any CPU.Build.0 = Release|Any CPU
	EndGlobalSection
	GlobalSection(SolutionProperties) = preSolution
		HideSolutionNode = FALSE
	EndGlobalSection
	GlobalSection(ExtensibilityGlobals) = postSolution
		SolutionGuid = {725BD752-DDDD-4D0B-AD19-6467B0DF39DF}
	EndGlobalSection
EndGlobal
